// !$*UTF8*$!
{
	archiveVersion = 1;
	classes = {
	};
	objectVersion = 46;
	objects = {

/* Begin PBXBuildFile section */
		CEC0A32E1A47830C0036A593 /* AppDelegate.swift in Sources */ = {isa = PBXBuildFile; fileRef = CEC0A32D1A47830C0036A593 /* AppDelegate.swift */; };
		CEC0A3301A47830D0036A593 /* ViewController.swift in Sources */ = {isa = PBXBuildFile; fileRef = CEC0A32F1A47830D0036A593 /* ViewController.swift */; };
		CEC0A3331A47830D0036A593 /* Main.storyboard in Resources */ = {isa = PBXBuildFile; fileRef = CEC0A3311A47830D0036A593 /* Main.storyboard */; };
		CEC0A3351A47830D0036A593 /* Images.xcassets in Resources */ = {isa = PBXBuildFile; fileRef = CEC0A3341A47830D0036A593 /* Images.xcassets */; };
		CEC0A3381A47830D0036A593 /* LaunchScreen.xib in Resources */ = {isa = PBXBuildFile; fileRef = CEC0A3361A47830D0036A593 /* LaunchScreen.xib */; };
		CEC0A3441A47830D0036A593 /* tictactoeTests.swift in Sources */ = {isa = PBXBuildFile; fileRef = CEC0A3431A47830D0036A593 /* tictactoeTests.swift */; };
		CEC0A3501A4784400036A593 /* board.png in Resources */ = {isa = PBXBuildFile; fileRef = CEC0A34D1A4784400036A593 /* board.png */; };
		CEC0A3511A4784400036A593 /* cross.png in Resources */ = {isa = PBXBuildFile; fileRef = CEC0A34E1A4784400036A593 /* cross.png */; };
		CEC0A3521A4784400036A593 /* nought.png in Resources */ = {isa = PBXBuildFile; fileRef = CEC0A34F1A4784400036A593 /* nought.png */; };
/* End PBXBuildFile section */

/* Begin PBXContainerItemProxy section */
		CEC0A33E1A47830D0036A593 /* PBXContainerItemProxy */ = {
			isa = PBXContainerItemProxy;
			containerPortal = CEC0A3201A47830C0036A593 /* Project object */;
			proxyType = 1;
			remoteGlobalIDString = CEC0A3271A47830C0036A593;
			remoteInfo = tictactoe;
		};
/* End PBXContainerItemProxy section */

/* Begin PBXFileReference section */
		CEC0A3281A47830C0036A593 /* tictactoe.app */ = {isa = PBXFileReference; explicitFileType = wrapper.application; includeInIndex = 0; path = tictactoe.app; sourceTree = BUILT_PRODUCTS_DIR; };
		CEC0A32C1A47830C0036A593 /* Info.plist */ = {isa = PBXFileReference; lastKnownFileType = text.plist.xml; path = Info.plist; sourceTree = "<group>"; };
		CEC0A32D1A47830C0036A593 /* AppDelegate.swift */ = {isa = PBXFileReference; lastKnownFileType = sourcecode.swift; path = AppDelegate.swift; sourceTree = "<group>"; };
		CEC0A32F1A47830D0036A593 /* ViewController.swift */ = {isa = PBXFileReference; lastKnownFileType = sourcecode.swift; path = ViewController.swift; sourceTree = "<group>"; };
		CEC0A3321A47830D0036A593 /* Base */ = {isa = PBXFileReference; lastKnownFileType = file.storyboard; name = Base; path = Base.lproj/Main.storyboard; sourceTree = "<group>"; };
		CEC0A3341A47830D0036A593 /* Images.xcassets */ = {isa = PBXFileReference; lastKnownFileType = folder.assetcatalog; path = Images.xcassets; sourceTree = "<group>"; };
		CEC0A3371A47830D0036A593 /* Base */ = {isa = PBXFileReference; lastKnownFileType = file.xib; name = Base; path = Base.lproj/LaunchScreen.xib; sourceTree = "<group>"; };
		CEC0A33D1A47830D0036A593 /* tictactoeTests.xctest */ = {isa = PBXFileReference; explicitFileType = wrapper.cfbundle; includeInIndex = 0; path = tictactoeTests.xctest; sourceTree = BUILT_PRODUCTS_DIR; };
		CEC0A3421A47830D0036A593 /* Info.plist */ = {isa = PBXFileReference; lastKnownFileType = text.plist.xml; path = Info.plist; sourceTree = "<group>"; };
		CEC0A3431A47830D0036A593 /* tictactoeTests.swift */ = {isa = PBXFileReference; lastKnownFileType = sourcecode.swift; path = tictactoeTests.swift; sourceTree = "<group>"; };
		CEC0A34D1A4784400036A593 /* board.png */ = {isa = PBXFileReference; lastKnownFileType = image.png; path = board.png; sourceTree = "<group>"; };
		CEC0A34E1A4784400036A593 /* cross.png */ = {isa = PBXFileReference; lastKnownFileType = image.png; path = cross.png; sourceTree = "<group>"; };
		CEC0A34F1A4784400036A593 /* nought.png */ = {isa = PBXFileReference; lastKnownFileType = image.png; path = nought.png; sourceTree = "<group>"; };
/* End PBXFileReference section */

/* Begin PBXFrameworksBuildPhase section */
		CEC0A3251A47830C0036A593 /* Frameworks */ = {
			isa = PBXFrameworksBuildPhase;
			buildActionMask = 2147483647;
			files = (
			);
			runOnlyForDeploymentPostprocessing = 0;
		};
		CEC0A33A1A47830D0036A593 /* Frameworks */ = {
			isa = PBXFrameworksBuildPhase;
			buildActionMask = 2147483647;
			files = (
			);
			runOnlyForDeploymentPostprocessing = 0;
		};
/* End PBXFrameworksBuildPhase section */

/* Begin PBXGroup section */
		CEC0A31F1A47830C0036A593 = {
			isa = PBXGroup;
			children = (
				CEC0A32A1A47830C0036A593 /* tictactoe */,
				CEC0A3401A47830D0036A593 /* tictactoeTests */,
				CEC0A3291A47830C0036A593 /* Products */,
			);
			sourceTree = "<group>";
		};
		CEC0A3291A47830C0036A593 /* Products */ = {
			isa = PBXGroup;
			children = (
				CEC0A3281A47830C0036A593 /* tictactoe.app */,
				CEC0A33D1A47830D0036A593 /* tictactoeTests.xctest */,
			);
			name = Products;
			sourceTree = "<group>";
		};
		CEC0A32A1A47830C0036A593 /* tictactoe */ = {
			isa = PBXGroup;
			children = (
				CEC0A34D1A4784400036A593 /* board.png */,
				CEC0A34E1A4784400036A593 /* cross.png */,
				CEC0A34F1A4784400036A593 /* nought.png */,
				CEC0A32D1A47830C0036A593 /* AppDelegate.swift */,
				CEC0A32F1A47830D0036A593 /* ViewController.swift */,
				CEC0A3311A47830D0036A593 /* Main.storyboard */,
				CEC0A3341A47830D0036A593 /* Images.xcassets */,
				CEC0A3361A47830D0036A593 /* LaunchScreen.xib */,
				CEC0A32B1A47830C0036A593 /* Supporting Files */,
			);
			path = tictactoe;
			sourceTree = "<group>";
		};
		CEC0A32B1A47830C0036A593 /* Supporting Files */ = {
			isa = PBXGroup;
			children = (
				CEC0A32C1A47830C0036A593 /* Info.plist */,
			);
			name = "Supporting Files";
			sourceTree = "<group>";
		};
		CEC0A3401A47830D0036A593 /* tictactoeTests */ = {
			isa = PBXGroup;
			children = (
				CEC0A3431A47830D0036A593 /* tictactoeTests.swift */,
				CEC0A3411A47830D0036A593 /* Supporting Files */,
			);
			path = tictactoeTests;
			sourceTree = "<group>";
		};
		CEC0A3411A47830D0036A593 /* Supporting Files */ = {
			isa = PBXGroup;
			children = (
				CEC0A3421A47830D0036A593 /* Info.plist */,
			);
			name = "Supporting Files";
			sourceTree = "<group>";
		};
/* End PBXGroup section */

/* Begin PBXNativeTarget section */
		CEC0A3271A47830C0036A593 /* tictactoe */ = {
			isa = PBXNativeTarget;
			buildConfigurationList = CEC0A3471A47830D0036A593 /* Build configuration list for PBXNativeTarget "tictactoe" */;
			buildPhases = (
				CEC0A3241A47830C0036A593 /* Sources */,
				CEC0A3251A47830C0036A593 /* Frameworks */,
				CEC0A3261A47830C0036A593 /* Resources */,
			);
			buildRules = (
			);
			dependencies = (
			);
			name = tictactoe;
			productName = tictactoe;
			productReference = CEC0A3281A47830C0036A593 /* tictactoe.app */;
			productType = "com.apple.product-type.application";
		};
		CEC0A33C1A47830D0036A593 /* tictactoeTests */ = {
			isa = PBXNativeTarget;
			buildConfigurationList = CEC0A34A1A47830D0036A593 /* Build configuration list for PBXNativeTarget "tictactoeTests" */;
			buildPhases = (
				CEC0A3391A47830D0036A593 /* Sources */,
				CEC0A33A1A47830D0036A593 /* Frameworks */,
				CEC0A33B1A47830D0036A593 /* Resources */,
			);
			buildRules = (
			);
			dependencies = (
				CEC0A33F1A47830D0036A593 /* PBXTargetDependency */,
			);
			name = tictactoeTests;
			productName = tictactoeTests;
			productReference = CEC0A33D1A47830D0036A593 /* tictactoeTests.xctest */;
			productType = "com.apple.product-type.bundle.unit-test";
		};
/* End PBXNativeTarget section */

/* Begin PBXProject section */
		CEC0A3201A47830C0036A593 /* Project object */ = {
			isa = PBXProject;
			attributes = {
				LastUpgradeCheck = 0610;
				ORGANIZATIONNAME = "Chuma Nnaji";
				TargetAttributes = {
					CEC0A3271A47830C0036A593 = {
						CreatedOnToolsVersion = 6.1.1;
					};
					CEC0A33C1A47830D0036A593 = {
						CreatedOnToolsVersion = 6.1.1;
						TestTargetID = CEC0A3271A47830C0036A593;
					};
				};
			};
			buildConfigurationList = CEC0A3231A47830C0036A593 /* Build configuration list for PBXProject "tictactoe" */;
			compatibilityVersion = "Xcode 3.2";
			developmentRegion = English;
			hasScannedForEncodings = 0;
			knownRegions = (
				en,
				Base,
			);
			mainGroup = CEC0A31F1A47830C0036A593;
			productRefGroup = CEC0A3291A47830C0036A593 /* Products */;
			projectDirPath = "";
			projectRoot = "";
			targets = (
				CEC0A3271A47830C0036A593 /* tictactoe */,
				CEC0A33C1A47830D0036A593 /* tictactoeTests */,
			);
		};
/* End PBXProject section */

/* Begin PBXResourcesBuildPhase section */
		CEC0A3261A47830C0036A593 /* Resources */ = {
			isa = PBXResourcesBuildPhase;
			buildActionMask = 2147483647;
			files = (
				CEC0A3511A4784400036A593 /* cross.png in Resources */,
				CEC0A3501A4784400036A593 /* board.png in Resources */,
				CEC0A3521A4784400036A593 /* nought.png in Resources */,
				CEC0A3331A47830D0036A593 /* Main.storyboard in Resources */,
				CEC0A3381A47830D0036A593 /* LaunchScreen.xib in Resources */,
				CEC0A3351A47830D0036A593 /* Images.xcassets in Resources */,
			);
			runOnlyForDeploymentPostprocessing = 0;
		};
		CEC0A33B1A47830D0036A593 /* Resources */ = {
			isa = PBXResourcesBuildPhase;
			buildActionMask = 2147483647;
			files = (
			);
			runOnlyForDeploymentPostprocessing = 0;
		};
/* End PBXResourcesBuildPhase section */

/* Begin PBXSourcesBuildPhase section */
		CEC0A3241A47830C0036A593 /* Sources */ = {
			isa = PBXSourcesBuildPhase;
			buildActionMask = 2147483647;
			files = (
				CEC0A3301A47830D0036A593 /* ViewController.swift in Sources */,
				CEC0A32E1A47830C0036A593 /* AppDelegate.swift in Sources */,
			);
			runOnlyForDeploymentPostprocessing = 0;
		};
		CEC0A3391A47830D0036A593 /* Sources */ = {
			isa = PBXSourcesBuildPhase;
			buildActionMask = 2147483647;
			files = (
				CEC0A3441A47830D0036A593 /* tictactoeTests.swift in Sources */,
			);
			runOnlyForDeploymentPostprocessing = 0;
		};
/* End PBXSourcesBuildPhase section */

/* Begin PBXTargetDependency section */
		CEC0A33F1A47830D0036A593 /* PBXTargetDependency */ = {
			isa = PBXTargetDependency;
			target = CEC0A3271A47830C0036A593 /* tictactoe */;
			targetProxy = CEC0A33E1A47830D0036A593 /* PBXContainerItemProxy */;
		};
/* End PBXTargetDependency section */

/* Begin PBXVariantGroup section */
		CEC0A3311A47830D0036A593 /* Main.storyboard */ = {
			isa = PBXVariantGroup;
			children = (
				CEC0A3321A47830D0036A593 /* Base */,
			);
			name = Main.storyboard;
			sourceTree = "<group>";
		};
		CEC0A3361A47830D0036A593 /* LaunchScreen.xib */ = {
			isa = PBXVariantGroup;
			children = (
				CEC0A3371A47830D0036A593 /* Base */,
			);
			name = LaunchScreen.xib;
			sourceTree = "<group>";
		};
/* End PBXVariantGroup section */

/* Begin XCBuildConfiguration section */
		CEC0A3451A47830D0036A593 /* Debug */ = {
			isa = XCBuildConfiguration;
			buildSettings = {
				ALWAYS_SEARCH_USER_PATHS = NO;
				CLANG_CXX_LANGUAGE_STANDARD = "gnu++0x";
				CLANG_CXX_LIBRARY = "libc++";
				CLANG_ENABLE_MODULES = YES;
				CLANG_ENABLE_OBJC_ARC = YES;
				CLANG_WARN_BOOL_CONVERSION = YES;
				CLANG_WARN_CONSTANT_CONVERSION = YES;
				CLANG_WARN_DIRECT_OBJC_ISA_USAGE = YES_ERROR;
				CLANG_WARN_EMPTY_BODY = YES;
				CLANG_WARN_ENUM_CONVERSION = YES;
				CLANG_WARN_INT_CONVERSION = YES;
				CLANG_WARN_OBJC_ROOT_CLASS = YES_ERROR;
				CLANG_WARN_UNREACHABLE_CODE = YES;
				CLANG_WARN__DUPLICATE_METHOD_MATCH = YES;
				"CODE_SIGN_IDENTITY[sdk=iphoneos*]" = "iPhone Developer";
				COPY_PHASE_STRIP = NO;
				ENABLE_STRICT_OBJC_MSGSEND = YES;
				GCC_C_LANGUAGE_STANDARD = gnu99;
				GCC_DYNAMIC_NO_PIC = NO;
				GCC_OPTIMIZATION_LEVEL = 0;
				GCC_PREPROCESSOR_DEFINITIONS = (
					"DEBUG=1",
					"$(inherited)",
				);
				GCC_SYMBOLS_PRIVATE_EXTERN = NO;
				GCC_WARN_64_TO_32_BIT_CONVERSION = YES;
				GCC_WARN_ABOUT_RETURN_TYPE = YES_ERROR;
				GCC_WARN_UNDECLARED_SELECTOR = YES;
				GCC_WARN_UNINITIALIZED_AUTOS = YES_AGGRESSIVE;
				GCC_WARN_UNUSED_FUNCTION = YES;
				GCC_WARN_UNUSED_VARIABLE = YES;
				IPHONEOS_DEPLOYMENT_TARGET = 8.1;
				MTL_ENABLE_DEBUG_INFO = YES;
				ONLY_ACTIVE_ARCH = YES;
				SDKROOT = iphoneos;
				SWIFT_OPTIMIZATION_LEVEL = "-Onone";
			};
			name = Debug;
		};
		CEC0A3461A47830D0036A593 /* Release */ = {
			isa = XCBuildConfiguration;
			buildSettings = {
				ALWAYS_SEARCH_USER_PATHS = NO;
				CLANG_CXX_LANGUAGE_STANDARD = "gnu++0x";
				CLANG_CXX_LIBRARY = "libc++";
				CLANG_ENABLE_MODULES = YES;
				CLANG_ENABLE_OBJC_ARC = YES;
				CLANG_WARN_BOOL_CONVERSION = YES;
				CLANG_WARN_CONSTANT_CONVERSION = YES;
				CLANG_WARN_DIRECT_OBJC_ISA_USAGE = YES_ERROR;
				CLANG_WARN_EMPTY_BODY = YES;
				CLANG_WARN_ENUM_CONVERSION = YES;
				CLANG_WARN_INT_CONVERSION = YES;
				CLANG_WARN_OBJC_ROOT_CLASS = YES_ERROR;
				CLANG_WARN_UNREACHABLE_CODE = YES;
				CLANG_WARN__DUPLICATE_METHOD_MATCH = YES;
				"CODE_SIGN_IDENTITY[sdk=iphoneos*]" = "iPhone Developer";
				COPY_PHASE_STRIP = YES;
				ENABLE_NS_ASSERTIONS = NO;
				ENABLE_STRICT_OBJC_MSGSEND = YES;
				GCC_C_LANGUAGE_STANDARD = gnu99;
				GCC_WARN_64_TO_32_BIT_CONVERSION = YES;
				GCC_WARN_ABOUT_RETURN_TYPE = YES_ERROR;
				GCC_WARN_UNDECLARED_SELECTOR = YES;
				GCC_WARN_UNINITIALIZED_AUTOS = YES_AGGRESSIVE;
				GCC_WARN_UNUSED_FUNCTION = YES;
				GCC_WARN_UNUSED_VARIABLE = YES;
				IPHONEOS_DEPLOYMENT_TARGET = 8.1;
				MTL_ENABLE_DEBUG_INFO = NO;
				SDKROOT = iphoneos;
				VALIDATE_PRODUCT = YES;
			};
			name = Release;
		};
		CEC0A3481A47830D0036A593 /* Debug */ = {
			isa = XCBuildConfiguration;
			buildSettings = {
				ASSETCATALOG_COMPILER_APPICON_NAME = AppIcon;
				INFOPLIST_FILE = tictactoe/Info.plist;
				LD_RUNPATH_SEARCH_PATHS = "$(inherited) @executable_path/Frameworks";
				PRODUCT_NAME = "$(TARGET_NAME)";
			};
			name = Debug;
		};
		CEC0A3491A47830D0036A593 /* Release */ = {
			isa = XCBuildConfiguration;
			buildSettings = {
				ASSETCATALOG_COMPILER_APPICON_NAME = AppIcon;
				INFOPLIST_FILE = tictactoe/Info.plist;
				LD_RUNPATH_SEARCH_PATHS = "$(inherited) @executable_path/Frameworks";
				PRODUCT_NAME = "$(TARGET_NAME)";
			};
			name = Release;
		};
		CEC0A34B1A47830D0036A593 /* Debug */ = {
			isa = XCBuildConfiguration;
			buildSettings = {
				BUNDLE_LOADER = "$(TEST_HOST)";
				FRAMEWORK_SEARCH_PATHS = (
					"$(SDKROOT)/Developer/Library/Frameworks",
					"$(inherited)",
				);
				GCC_PREPROCESSOR_DEFINITIONS = (
					"DEBUG=1",
					"$(inherited)",
				);
				INFOPLIST_FILE = tictactoeTests/Info.plist;
				LD_RUNPATH_SEARCH_PATHS = "$(inherited) @executable_path/Frameworks @loader_path/Frameworks";
				PRODUCT_NAME = "$(TARGET_NAME)";
				TEST_HOST = "$(BUILT_PRODUCTS_DIR)/tictactoe.app/tictactoe";
			};
			name = Debug;
		};
		CEC0A34C1A47830D0036A593 /* Release */ = {
			isa = XCBuildConfiguration;
			buildSettings = {
				BUNDLE_LOADER = "$(TEST_HOST)";
				FRAMEWORK_SEARCH_PATHS = (
					"$(SDKROOT)/Developer/Library/Frameworks",
					"$(inherited)",
				);
				INFOPLIST_FILE = tictactoeTests/Info.plist;
				LD_RUNPATH_SEARCH_PATHS = "$(inherited) @executable_path/Frameworks @loader_path/Frameworks";
				PRODUCT_NAME = "$(TARGET_NAME)";
				TEST_HOST = "$(BUILT_PRODUCTS_DIR)/tictactoe.app/tictactoe";
			};
			name = Release;
		};
/* End XCBuildConfiguration section */

/* Begin XCConfigurationList section */
		CEC0A3231A47830C0036A593 /* Build configuration list for PBXProject "tictactoe" */ = {
			isa = XCConfigurationList;
			buildConfigurations = (
				CEC0A3451A47830D0036A593 /* Debug */,
				CEC0A3461A47830D0036A593 /* Release */,
			);
			defaultConfigurationIsVisible = 0;
			defaultConfigurationName = Release;
		};
		CEC0A3471A47830D0036A593 /* Build configuration list for PBXNativeTarget "tictactoe" */ = {
			isa = XCConfigurationList;
			buildConfigurations = (
				CEC0A3481A47830D0036A593 /* Debug */,
				CEC0A3491A47830D0036A593 /* Release */,
			);
			defaultConfigurationIsVisible = 0;
		};
		CEC0A34A1A47830D0036A593 /* Build configuration list for PBXNativeTarget "tictactoeTests" */ = {
			isa = XCConfigurationList;
			buildConfigurations = (
				CEC0A34B1A47830D0036A593 /* Debug */,
				CEC0A34C1A47830D0036A593 /* Release */,
			);
			defaultConfigurationIsVisible = 0;
		};
/* End XCConfigurationList section */
	};
	rootObject = CEC0A3201A47830C0036A593 /* Project object */;
}
