// !$*UTF8*$!
{
	archiveVersion = 1;
	classes = {
	};
	objectVersion = 46;
	objects = {

/* Begin PBXBuildFile section */
		CECCE7251A5A035500B2C120 /* AppDelegate.swift in Sources */ = {isa = PBXBuildFile; fileRef = CECCE7241A5A035500B2C120 /* AppDelegate.swift */; };
		CECCE7271A5A035500B2C120 /* ViewController.swift in Sources */ = {isa = PBXBuildFile; fileRef = CECCE7261A5A035500B2C120 /* ViewController.swift */; };
		CECCE72A1A5A035500B2C120 /* Main.storyboard in Resources */ = {isa = PBXBuildFile; fileRef = CECCE7281A5A035500B2C120 /* Main.storyboard */; };
		CECCE72C1A5A035500B2C120 /* Images.xcassets in Resources */ = {isa = PBXBuildFile; fileRef = CECCE72B1A5A035500B2C120 /* Images.xcassets */; };
		CECCE72F1A5A035500B2C120 /* LaunchScreen.xib in Resources */ = {isa = PBXBuildFile; fileRef = CECCE72D1A5A035500B2C120 /* LaunchScreen.xib */; };
		CECCE73B1A5A035500B2C120 /* WebviewTests.swift in Sources */ = {isa = PBXBuildFile; fileRef = CECCE73A1A5A035500B2C120 /* WebviewTests.swift */; };
/* End PBXBuildFile section */

/* Begin PBXContainerItemProxy section */
		CECCE7351A5A035500B2C120 /* PBXContainerItemProxy */ = {
			isa = PBXContainerItemProxy;
			containerPortal = CECCE7171A5A035500B2C120 /* Project object */;
			proxyType = 1;
			remoteGlobalIDString = CECCE71E1A5A035500B2C120;
			remoteInfo = Webview;
		};
/* End PBXContainerItemProxy section */

/* Begin PBXFileReference section */
		CECCE71F1A5A035500B2C120 /* Webview.app */ = {isa = PBXFileReference; explicitFileType = wrapper.application; includeInIndex = 0; path = Webview.app; sourceTree = BUILT_PRODUCTS_DIR; };
		CECCE7231A5A035500B2C120 /* Info.plist */ = {isa = PBXFileReference; lastKnownFileType = text.plist.xml; path = Info.plist; sourceTree = "<group>"; };
		CECCE7241A5A035500B2C120 /* AppDelegate.swift */ = {isa = PBXFileReference; lastKnownFileType = sourcecode.swift; path = AppDelegate.swift; sourceTree = "<group>"; };
		CECCE7261A5A035500B2C120 /* ViewController.swift */ = {isa = PBXFileReference; lastKnownFileType = sourcecode.swift; path = ViewController.swift; sourceTree = "<group>"; };
		CECCE7291A5A035500B2C120 /* Base */ = {isa = PBXFileReference; lastKnownFileType = file.storyboard; name = Base; path = Base.lproj/Main.storyboard; sourceTree = "<group>"; };
		CECCE72B1A5A035500B2C120 /* Images.xcassets */ = {isa = PBXFileReference; lastKnownFileType = folder.assetcatalog; path = Images.xcassets; sourceTree = "<group>"; };
		CECCE72E1A5A035500B2C120 /* Base */ = {isa = PBXFileReference; lastKnownFileType = file.xib; name = Base; path = Base.lproj/LaunchScreen.xib; sourceTree = "<group>"; };
		CECCE7341A5A035500B2C120 /* WebviewTests.xctest */ = {isa = PBXFileReference; explicitFileType = wrapper.cfbundle; includeInIndex = 0; path = WebviewTests.xctest; sourceTree = BUILT_PRODUCTS_DIR; };
		CECCE7391A5A035500B2C120 /* Info.plist */ = {isa = PBXFileReference; lastKnownFileType = text.plist.xml; path = Info.plist; sourceTree = "<group>"; };
		CECCE73A1A5A035500B2C120 /* WebviewTests.swift */ = {isa = PBXFileReference; lastKnownFileType = sourcecode.swift; path = WebviewTests.swift; sourceTree = "<group>"; };
/* End PBXFileReference section */

/* Begin PBXFrameworksBuildPhase section */
		CECCE71C1A5A035500B2C120 /* Frameworks */ = {
			isa = PBXFrameworksBuildPhase;
			buildActionMask = 2147483647;
			files = (
			);
			runOnlyForDeploymentPostprocessing = 0;
		};
		CECCE7311A5A035500B2C120 /* Frameworks */ = {
			isa = PBXFrameworksBuildPhase;
			buildActionMask = 2147483647;
			files = (
			);
			runOnlyForDeploymentPostprocessing = 0;
		};
/* End PBXFrameworksBuildPhase section */

/* Begin PBXGroup section */
		CECCE7161A5A035500B2C120 = {
			isa = PBXGroup;
			children = (
				CECCE7211A5A035500B2C120 /* Webview */,
				CECCE7371A5A035500B2C120 /* WebviewTests */,
				CECCE7201A5A035500B2C120 /* Products */,
			);
			sourceTree = "<group>";
		};
		CECCE7201A5A035500B2C120 /* Products */ = {
			isa = PBXGroup;
			children = (
				CECCE71F1A5A035500B2C120 /* Webview.app */,
				CECCE7341A5A035500B2C120 /* WebviewTests.xctest */,
			);
			name = Products;
			sourceTree = "<group>";
		};
		CECCE7211A5A035500B2C120 /* Webview */ = {
			isa = PBXGroup;
			children = (
				CECCE7241A5A035500B2C120 /* AppDelegate.swift */,
				CECCE7261A5A035500B2C120 /* ViewController.swift */,
				CECCE7281A5A035500B2C120 /* Main.storyboard */,
				CECCE72B1A5A035500B2C120 /* Images.xcassets */,
				CECCE72D1A5A035500B2C120 /* LaunchScreen.xib */,
				CECCE7221A5A035500B2C120 /* Supporting Files */,
			);
			path = Webview;
			sourceTree = "<group>";
		};
		CECCE7221A5A035500B2C120 /* Supporting Files */ = {
			isa = PBXGroup;
			children = (
				CECCE7231A5A035500B2C120 /* Info.plist */,
			);
			name = "Supporting Files";
			sourceTree = "<group>";
		};
		CECCE7371A5A035500B2C120 /* WebviewTests */ = {
			isa = PBXGroup;
			children = (
				CECCE73A1A5A035500B2C120 /* WebviewTests.swift */,
				CECCE7381A5A035500B2C120 /* Supporting Files */,
			);
			path = WebviewTests;
			sourceTree = "<group>";
		};
		CECCE7381A5A035500B2C120 /* Supporting Files */ = {
			isa = PBXGroup;
			children = (
				CECCE7391A5A035500B2C120 /* Info.plist */,
			);
			name = "Supporting Files";
			sourceTree = "<group>";
		};
/* End PBXGroup section */

/* Begin PBXNativeTarget section */
		CECCE71E1A5A035500B2C120 /* Webview */ = {
			isa = PBXNativeTarget;
			buildConfigurationList = CECCE73E1A5A035500B2C120 /* Build configuration list for PBXNativeTarget "Webview" */;
			buildPhases = (
				CECCE71B1A5A035500B2C120 /* Sources */,
				CECCE71C1A5A035500B2C120 /* Frameworks */,
				CECCE71D1A5A035500B2C120 /* Resources */,
			);
			buildRules = (
			);
			dependencies = (
			);
			name = Webview;
			productName = Webview;
			productReference = CECCE71F1A5A035500B2C120 /* Webview.app */;
			productType = "com.apple.product-type.application";
		};
		CECCE7331A5A035500B2C120 /* WebviewTests */ = {
			isa = PBXNativeTarget;
			buildConfigurationList = CECCE7411A5A035500B2C120 /* Build configuration list for PBXNativeTarget "WebviewTests" */;
			buildPhases = (
				CECCE7301A5A035500B2C120 /* Sources */,
				CECCE7311A5A035500B2C120 /* Frameworks */,
				CECCE7321A5A035500B2C120 /* Resources */,
			);
			buildRules = (
			);
			dependencies = (
				CECCE7361A5A035500B2C120 /* PBXTargetDependency */,
			);
			name = WebviewTests;
			productName = WebviewTests;
			productReference = CECCE7341A5A035500B2C120 /* WebviewTests.xctest */;
			productType = "com.apple.product-type.bundle.unit-test";
		};
/* End PBXNativeTarget section */

/* Begin PBXProject section */
		CECCE7171A5A035500B2C120 /* Project object */ = {
			isa = PBXProject;
			attributes = {
				LastUpgradeCheck = 0610;
				ORGANIZATIONNAME = "Chuma Nnaji";
				TargetAttributes = {
					CECCE71E1A5A035500B2C120 = {
						CreatedOnToolsVersion = 6.1.1;
					};
					CECCE7331A5A035500B2C120 = {
						CreatedOnToolsVersion = 6.1.1;
						TestTargetID = CECCE71E1A5A035500B2C120;
					};
				};
			};
			buildConfigurationList = CECCE71A1A5A035500B2C120 /* Build configuration list for PBXProject "Webview" */;
			compatibilityVersion = "Xcode 3.2";
			developmentRegion = English;
			hasScannedForEncodings = 0;
			knownRegions = (
				en,
				Base,
			);
			mainGroup = CECCE7161A5A035500B2C120;
			productRefGroup = CECCE7201A5A035500B2C120 /* Products */;
			projectDirPath = "";
			projectRoot = "";
			targets = (
				CECCE71E1A5A035500B2C120 /* Webview */,
				CECCE7331A5A035500B2C120 /* WebviewTests */,
			);
		};
/* End PBXProject section */

/* Begin PBXResourcesBuildPhase section */
		CECCE71D1A5A035500B2C120 /* Resources */ = {
			isa = PBXResourcesBuildPhase;
			buildActionMask = 2147483647;
			files = (
				CECCE72A1A5A035500B2C120 /* Main.storyboard in Resources */,
				CECCE72F1A5A035500B2C120 /* LaunchScreen.xib in Resources */,
				CECCE72C1A5A035500B2C120 /* Images.xcassets in Resources */,
			);
			runOnlyForDeploymentPostprocessing = 0;
		};
		CECCE7321A5A035500B2C120 /* Resources */ = {
			isa = PBXResourcesBuildPhase;
			buildActionMask = 2147483647;
			files = (
			);
			runOnlyForDeploymentPostprocessing = 0;
		};
/* End PBXResourcesBuildPhase section */

/* Begin PBXSourcesBuildPhase section */
		CECCE71B1A5A035500B2C120 /* Sources */ = {
			isa = PBXSourcesBuildPhase;
			buildActionMask = 2147483647;
			files = (
				CECCE7271A5A035500B2C120 /* ViewController.swift in Sources */,
				CECCE7251A5A035500B2C120 /* AppDelegate.swift in Sources */,
			);
			runOnlyForDeploymentPostprocessing = 0;
		};
		CECCE7301A5A035500B2C120 /* Sources */ = {
			isa = PBXSourcesBuildPhase;
			buildActionMask = 2147483647;
			files = (
				CECCE73B1A5A035500B2C120 /* WebviewTests.swift in Sources */,
			);
			runOnlyForDeploymentPostprocessing = 0;
		};
/* End PBXSourcesBuildPhase section */

/* Begin PBXTargetDependency section */
		CECCE7361A5A035500B2C120 /* PBXTargetDependency */ = {
			isa = PBXTargetDependency;
			target = CECCE71E1A5A035500B2C120 /* Webview */;
			targetProxy = CECCE7351A5A035500B2C120 /* PBXContainerItemProxy */;
		};
/* End PBXTargetDependency section */

/* Begin PBXVariantGroup section */
		CECCE7281A5A035500B2C120 /* Main.storyboard */ = {
			isa = PBXVariantGroup;
			children = (
				CECCE7291A5A035500B2C120 /* Base */,
			);
			name = Main.storyboard;
			sourceTree = "<group>";
		};
		CECCE72D1A5A035500B2C120 /* LaunchScreen.xib */ = {
			isa = PBXVariantGroup;
			children = (
				CECCE72E1A5A035500B2C120 /* Base */,
			);
			name = LaunchScreen.xib;
			sourceTree = "<group>";
		};
/* End PBXVariantGroup section */

/* Begin XCBuildConfiguration section */
		CECCE73C1A5A035500B2C120 /* Debug */ = {
			isa = XCBuildConfiguration;
			buildSettings = {
				ALWAYS_SEARCH_USER_PATHS = NO;
				CLANG_CXX_LANGUAGE_STANDARD = "gnu++0x";
				CLANG_CXX_LIBRARY = "libc++";
				CLANG_ENABLE_MODULES = YES;
				CLANG_ENABLE_OBJC_ARC = YES;
				CLANG_WARN_BOOL_CONVERSION = YES;
				CLANG_WARN_CONSTANT_CONVERSION = YES;
				CLANG_WARN_DIRECT_OBJC_ISA_USAGE = YES_ERROR;
				CLANG_WARN_EMPTY_BODY = YES;
				CLANG_WARN_ENUM_CONVERSION = YES;
				CLANG_WARN_INT_CONVERSION = YES;
				CLANG_WARN_OBJC_ROOT_CLASS = YES_ERROR;
				CLANG_WARN_UNREACHABLE_CODE = YES;
				CLANG_WARN__DUPLICATE_METHOD_MATCH = YES;
				"CODE_SIGN_IDENTITY[sdk=iphoneos*]" = "iPhone Developer";
				COPY_PHASE_STRIP = NO;
				ENABLE_STRICT_OBJC_MSGSEND = YES;
				GCC_C_LANGUAGE_STANDARD = gnu99;
				GCC_DYNAMIC_NO_PIC = NO;
				GCC_OPTIMIZATION_LEVEL = 0;
				GCC_PREPROCESSOR_DEFINITIONS = (
					"DEBUG=1",
					"$(inherited)",
				);
				GCC_SYMBOLS_PRIVATE_EXTERN = NO;
				GCC_WARN_64_TO_32_BIT_CONVERSION = YES;
				GCC_WARN_ABOUT_RETURN_TYPE = YES_ERROR;
				GCC_WARN_UNDECLARED_SELECTOR = YES;
				GCC_WARN_UNINITIALIZED_AUTOS = YES_AGGRESSIVE;
				GCC_WARN_UNUSED_FUNCTION = YES;
				GCC_WARN_UNUSED_VARIABLE = YES;
				IPHONEOS_DEPLOYMENT_TARGET = 8.1;
				MTL_ENABLE_DEBUG_INFO = YES;
				ONLY_ACTIVE_ARCH = YES;
				SDKROOT = iphoneos;
				SWIFT_OPTIMIZATION_LEVEL = "-Onone";
			};
			name = Debug;
		};
		CECCE73D1A5A035500B2C120 /* Release */ = {
			isa = XCBuildConfiguration;
			buildSettings = {
				ALWAYS_SEARCH_USER_PATHS = NO;
				CLANG_CXX_LANGUAGE_STANDARD = "gnu++0x";
				CLANG_CXX_LIBRARY = "libc++";
				CLANG_ENABLE_MODULES = YES;
				CLANG_ENABLE_OBJC_ARC = YES;
				CLANG_WARN_BOOL_CONVERSION = YES;
				CLANG_WARN_CONSTANT_CONVERSION = YES;
				CLANG_WARN_DIRECT_OBJC_ISA_USAGE = YES_ERROR;
				CLANG_WARN_EMPTY_BODY = YES;
				CLANG_WARN_ENUM_CONVERSION = YES;
				CLANG_WARN_INT_CONVERSION = YES;
				CLANG_WARN_OBJC_ROOT_CLASS = YES_ERROR;
				CLANG_WARN_UNREACHABLE_CODE = YES;
				CLANG_WARN__DUPLICATE_METHOD_MATCH = YES;
				"CODE_SIGN_IDENTITY[sdk=iphoneos*]" = "iPhone Developer";
				COPY_PHASE_STRIP = YES;
				ENABLE_NS_ASSERTIONS = NO;
				ENABLE_STRICT_OBJC_MSGSEND = YES;
				GCC_C_LANGUAGE_STANDARD = gnu99;
				GCC_WARN_64_TO_32_BIT_CONVERSION = YES;
				GCC_WARN_ABOUT_RETURN_TYPE = YES_ERROR;
				GCC_WARN_UNDECLARED_SELECTOR = YES;
				GCC_WARN_UNINITIALIZED_AUTOS = YES_AGGRESSIVE;
				GCC_WARN_UNUSED_FUNCTION = YES;
				GCC_WARN_UNUSED_VARIABLE = YES;
				IPHONEOS_DEPLOYMENT_TARGET = 8.1;
				MTL_ENABLE_DEBUG_INFO = NO;
				SDKROOT = iphoneos;
				VALIDATE_PRODUCT = YES;
			};
			name = Release;
		};
		CECCE73F1A5A035500B2C120 /* Debug */ = {
			isa = XCBuildConfiguration;
			buildSettings = {
				ASSETCATALOG_COMPILER_APPICON_NAME = AppIcon;
				INFOPLIST_FILE = Webview/Info.plist;
				LD_RUNPATH_SEARCH_PATHS = "$(inherited) @executable_path/Frameworks";
				PRODUCT_NAME = "$(TARGET_NAME)";
			};
			name = Debug;
		};
		CECCE7401A5A035500B2C120 /* Release */ = {
			isa = XCBuildConfiguration;
			buildSettings = {
				ASSETCATALOG_COMPILER_APPICON_NAME = AppIcon;
				INFOPLIST_FILE = Webview/Info.plist;
				LD_RUNPATH_SEARCH_PATHS = "$(inherited) @executable_path/Frameworks";
				PRODUCT_NAME = "$(TARGET_NAME)";
			};
			name = Release;
		};
		CECCE7421A5A035500B2C120 /* Debug */ = {
			isa = XCBuildConfiguration;
			buildSettings = {
				BUNDLE_LOADER = "$(TEST_HOST)";
				FRAMEWORK_SEARCH_PATHS = (
					"$(SDKROOT)/Developer/Library/Frameworks",
					"$(inherited)",
				);
				GCC_PREPROCESSOR_DEFINITIONS = (
					"DEBUG=1",
					"$(inherited)",
				);
				INFOPLIST_FILE = WebviewTests/Info.plist;
				LD_RUNPATH_SEARCH_PATHS = "$(inherited) @executable_path/Frameworks @loader_path/Frameworks";
				PRODUCT_NAME = "$(TARGET_NAME)";
				TEST_HOST = "$(BUILT_PRODUCTS_DIR)/Webview.app/Webview";
			};
			name = Debug;
		};
		CECCE7431A5A035500B2C120 /* Release */ = {
			isa = XCBuildConfiguration;
			buildSettings = {
				BUNDLE_LOADER = "$(TEST_HOST)";
				FRAMEWORK_SEARCH_PATHS = (
					"$(SDKROOT)/Developer/Library/Frameworks",
					"$(inherited)",
				);
				INFOPLIST_FILE = WebviewTests/Info.plist;
				LD_RUNPATH_SEARCH_PATHS = "$(inherited) @executable_path/Frameworks @loader_path/Frameworks";
				PRODUCT_NAME = "$(TARGET_NAME)";
				TEST_HOST = "$(BUILT_PRODUCTS_DIR)/Webview.app/Webview";
			};
			name = Release;
		};
/* End XCBuildConfiguration section */

/* Begin XCConfigurationList section */
		CECCE71A1A5A035500B2C120 /* Build configuration list for PBXProject "Webview" */ = {
			isa = XCConfigurationList;
			buildConfigurations = (
				CECCE73C1A5A035500B2C120 /* Debug */,
				CECCE73D1A5A035500B2C120 /* Release */,
			);
			defaultConfigurationIsVisible = 0;
			defaultConfigurationName = Release;
		};
		CECCE73E1A5A035500B2C120 /* Build configuration list for PBXNativeTarget "Webview" */ = {
			isa = XCConfigurationList;
			buildConfigurations = (
				CECCE73F1A5A035500B2C120 /* Debug */,
				CECCE7401A5A035500B2C120 /* Release */,
			);
			defaultConfigurationIsVisible = 0;
		};
		CECCE7411A5A035500B2C120 /* Build configuration list for PBXNativeTarget "WebviewTests" */ = {
			isa = XCConfigurationList;
			buildConfigurations = (
				CECCE7421A5A035500B2C120 /* Debug */,
				CECCE7431A5A035500B2C120 /* Release */,
			);
			defaultConfigurationIsVisible = 0;
		};
/* End XCConfigurationList section */
	};
	rootObject = CECCE7171A5A035500B2C120 /* Project object */;
}
