// !$*UTF8*$!
{
	archiveVersion = 1;
	classes = {
	};
	objectVersion = 46;
	objects = {

/* Begin PBXBuildFile section */
		CEDA38AA1A4B5D4B0038E67F /* AppDelegate.swift in Sources */ = {isa = PBXBuildFile; fileRef = CEDA38A91A4B5D4B0038E67F /* AppDelegate.swift */; };
		CEDA38AC1A4B5D4B0038E67F /* ViewController.swift in Sources */ = {isa = PBXBuildFile; fileRef = CEDA38AB1A4B5D4B0038E67F /* ViewController.swift */; };
		CEDA38AF1A4B5D4B0038E67F /* Main.storyboard in Resources */ = {isa = PBXBuildFile; fileRef = CEDA38AD1A4B5D4B0038E67F /* Main.storyboard */; };
		CEDA38B11A4B5D4B0038E67F /* Images.xcassets in Resources */ = {isa = PBXBuildFile; fileRef = CEDA38B01A4B5D4B0038E67F /* Images.xcassets */; };
		CEDA38B41A4B5D4B0038E67F /* LaunchScreen.xib in Resources */ = {isa = PBXBuildFile; fileRef = CEDA38B21A4B5D4B0038E67F /* LaunchScreen.xib */; };
		CEDA38C01A4B5D4B0038E67F /* SegueAppTests.swift in Sources */ = {isa = PBXBuildFile; fileRef = CEDA38BF1A4B5D4B0038E67F /* SegueAppTests.swift */; };
		CEDA38CA1A4B63DD0038E67F /* TableViewController.swift in Sources */ = {isa = PBXBuildFile; fileRef = CEDA38C91A4B63DD0038E67F /* TableViewController.swift */; };
/* End PBXBuildFile section */

/* Begin PBXContainerItemProxy section */
		CEDA38BA1A4B5D4B0038E67F /* PBXContainerItemProxy */ = {
			isa = PBXContainerItemProxy;
			containerPortal = CEDA389C1A4B5D4B0038E67F /* Project object */;
			proxyType = 1;
			remoteGlobalIDString = CEDA38A31A4B5D4B0038E67F;
			remoteInfo = SegueApp;
		};
/* End PBXContainerItemProxy section */

/* Begin PBXFileReference section */
		CEDA38A41A4B5D4B0038E67F /* SegueApp.app */ = {isa = PBXFileReference; explicitFileType = wrapper.application; includeInIndex = 0; path = SegueApp.app; sourceTree = BUILT_PRODUCTS_DIR; };
		CEDA38A81A4B5D4B0038E67F /* Info.plist */ = {isa = PBXFileReference; lastKnownFileType = text.plist.xml; path = Info.plist; sourceTree = "<group>"; };
		CEDA38A91A4B5D4B0038E67F /* AppDelegate.swift */ = {isa = PBXFileReference; lastKnownFileType = sourcecode.swift; path = AppDelegate.swift; sourceTree = "<group>"; };
		CEDA38AB1A4B5D4B0038E67F /* ViewController.swift */ = {isa = PBXFileReference; lastKnownFileType = sourcecode.swift; path = ViewController.swift; sourceTree = "<group>"; };
		CEDA38AE1A4B5D4B0038E67F /* Base */ = {isa = PBXFileReference; lastKnownFileType = file.storyboard; name = Base; path = Base.lproj/Main.storyboard; sourceTree = "<group>"; };
		CEDA38B01A4B5D4B0038E67F /* Images.xcassets */ = {isa = PBXFileReference; lastKnownFileType = folder.assetcatalog; path = Images.xcassets; sourceTree = "<group>"; };
		CEDA38B31A4B5D4B0038E67F /* Base */ = {isa = PBXFileReference; lastKnownFileType = file.xib; name = Base; path = Base.lproj/LaunchScreen.xib; sourceTree = "<group>"; };
		CEDA38B91A4B5D4B0038E67F /* SegueAppTests.xctest */ = {isa = PBXFileReference; explicitFileType = wrapper.cfbundle; includeInIndex = 0; path = SegueAppTests.xctest; sourceTree = BUILT_PRODUCTS_DIR; };
		CEDA38BE1A4B5D4B0038E67F /* Info.plist */ = {isa = PBXFileReference; lastKnownFileType = text.plist.xml; path = Info.plist; sourceTree = "<group>"; };
		CEDA38BF1A4B5D4B0038E67F /* SegueAppTests.swift */ = {isa = PBXFileReference; lastKnownFileType = sourcecode.swift; path = SegueAppTests.swift; sourceTree = "<group>"; };
		CEDA38C91A4B63DD0038E67F /* TableViewController.swift */ = {isa = PBXFileReference; fileEncoding = 4; lastKnownFileType = sourcecode.swift; path = TableViewController.swift; sourceTree = "<group>"; };
/* End PBXFileReference section */

/* Begin PBXFrameworksBuildPhase section */
		CEDA38A11A4B5D4B0038E67F /* Frameworks */ = {
			isa = PBXFrameworksBuildPhase;
			buildActionMask = 2147483647;
			files = (
			);
			runOnlyForDeploymentPostprocessing = 0;
		};
		CEDA38B61A4B5D4B0038E67F /* Frameworks */ = {
			isa = PBXFrameworksBuildPhase;
			buildActionMask = 2147483647;
			files = (
			);
			runOnlyForDeploymentPostprocessing = 0;
		};
/* End PBXFrameworksBuildPhase section */

/* Begin PBXGroup section */
		CEDA389B1A4B5D4A0038E67F = {
			isa = PBXGroup;
			children = (
				CEDA38A61A4B5D4B0038E67F /* SegueApp */,
				CEDA38BC1A4B5D4B0038E67F /* SegueAppTests */,
				CEDA38A51A4B5D4B0038E67F /* Products */,
			);
			sourceTree = "<group>";
		};
		CEDA38A51A4B5D4B0038E67F /* Products */ = {
			isa = PBXGroup;
			children = (
				CEDA38A41A4B5D4B0038E67F /* SegueApp.app */,
				CEDA38B91A4B5D4B0038E67F /* SegueAppTests.xctest */,
			);
			name = Products;
			sourceTree = "<group>";
		};
		CEDA38A61A4B5D4B0038E67F /* SegueApp */ = {
			isa = PBXGroup;
			children = (
				CEDA38A91A4B5D4B0038E67F /* AppDelegate.swift */,
				CEDA38AB1A4B5D4B0038E67F /* ViewController.swift */,
				CEDA38AD1A4B5D4B0038E67F /* Main.storyboard */,
				CEDA38C91A4B63DD0038E67F /* TableViewController.swift */,
				CEDA38B01A4B5D4B0038E67F /* Images.xcassets */,
				CEDA38B21A4B5D4B0038E67F /* LaunchScreen.xib */,
				CEDA38A71A4B5D4B0038E67F /* Supporting Files */,
			);
			path = SegueApp;
			sourceTree = "<group>";
		};
		CEDA38A71A4B5D4B0038E67F /* Supporting Files */ = {
			isa = PBXGroup;
			children = (
				CEDA38A81A4B5D4B0038E67F /* Info.plist */,
			);
			name = "Supporting Files";
			sourceTree = "<group>";
		};
		CEDA38BC1A4B5D4B0038E67F /* SegueAppTests */ = {
			isa = PBXGroup;
			children = (
				CEDA38BF1A4B5D4B0038E67F /* SegueAppTests.swift */,
				CEDA38BD1A4B5D4B0038E67F /* Supporting Files */,
			);
			path = SegueAppTests;
			sourceTree = "<group>";
		};
		CEDA38BD1A4B5D4B0038E67F /* Supporting Files */ = {
			isa = PBXGroup;
			children = (
				CEDA38BE1A4B5D4B0038E67F /* Info.plist */,
			);
			name = "Supporting Files";
			sourceTree = "<group>";
		};
/* End PBXGroup section */

/* Begin PBXNativeTarget section */
		CEDA38A31A4B5D4B0038E67F /* SegueApp */ = {
			isa = PBXNativeTarget;
			buildConfigurationList = CEDA38C31A4B5D4B0038E67F /* Build configuration list for PBXNativeTarget "SegueApp" */;
			buildPhases = (
				CEDA38A01A4B5D4B0038E67F /* Sources */,
				CEDA38A11A4B5D4B0038E67F /* Frameworks */,
				CEDA38A21A4B5D4B0038E67F /* Resources */,
			);
			buildRules = (
			);
			dependencies = (
			);
			name = SegueApp;
			productName = SegueApp;
			productReference = CEDA38A41A4B5D4B0038E67F /* SegueApp.app */;
			productType = "com.apple.product-type.application";
		};
		CEDA38B81A4B5D4B0038E67F /* SegueAppTests */ = {
			isa = PBXNativeTarget;
			buildConfigurationList = CEDA38C61A4B5D4B0038E67F /* Build configuration list for PBXNativeTarget "SegueAppTests" */;
			buildPhases = (
				CEDA38B51A4B5D4B0038E67F /* Sources */,
				CEDA38B61A4B5D4B0038E67F /* Frameworks */,
				CEDA38B71A4B5D4B0038E67F /* Resources */,
			);
			buildRules = (
			);
			dependencies = (
				CEDA38BB1A4B5D4B0038E67F /* PBXTargetDependency */,
			);
			name = SegueAppTests;
			productName = SegueAppTests;
			productReference = CEDA38B91A4B5D4B0038E67F /* SegueAppTests.xctest */;
			productType = "com.apple.product-type.bundle.unit-test";
		};
/* End PBXNativeTarget section */

/* Begin PBXProject section */
		CEDA389C1A4B5D4B0038E67F /* Project object */ = {
			isa = PBXProject;
			attributes = {
				LastUpgradeCheck = 0610;
				ORGANIZATIONNAME = "Chuma Nnaji";
				TargetAttributes = {
					CEDA38A31A4B5D4B0038E67F = {
						CreatedOnToolsVersion = 6.1.1;
					};
					CEDA38B81A4B5D4B0038E67F = {
						CreatedOnToolsVersion = 6.1.1;
						TestTargetID = CEDA38A31A4B5D4B0038E67F;
					};
				};
			};
			buildConfigurationList = CEDA389F1A4B5D4B0038E67F /* Build configuration list for PBXProject "SegueApp" */;
			compatibilityVersion = "Xcode 3.2";
			developmentRegion = English;
			hasScannedForEncodings = 0;
			knownRegions = (
				en,
				Base,
			);
			mainGroup = CEDA389B1A4B5D4A0038E67F;
			productRefGroup = CEDA38A51A4B5D4B0038E67F /* Products */;
			projectDirPath = "";
			projectRoot = "";
			targets = (
				CEDA38A31A4B5D4B0038E67F /* SegueApp */,
				CEDA38B81A4B5D4B0038E67F /* SegueAppTests */,
			);
		};
/* End PBXProject section */

/* Begin PBXResourcesBuildPhase section */
		CEDA38A21A4B5D4B0038E67F /* Resources */ = {
			isa = PBXResourcesBuildPhase;
			buildActionMask = 2147483647;
			files = (
				CEDA38AF1A4B5D4B0038E67F /* Main.storyboard in Resources */,
				CEDA38B41A4B5D4B0038E67F /* LaunchScreen.xib in Resources */,
				CEDA38B11A4B5D4B0038E67F /* Images.xcassets in Resources */,
			);
			runOnlyForDeploymentPostprocessing = 0;
		};
		CEDA38B71A4B5D4B0038E67F /* Resources */ = {
			isa = PBXResourcesBuildPhase;
			buildActionMask = 2147483647;
			files = (
			);
			runOnlyForDeploymentPostprocessing = 0;
		};
/* End PBXResourcesBuildPhase section */

/* Begin PBXSourcesBuildPhase section */
		CEDA38A01A4B5D4B0038E67F /* Sources */ = {
			isa = PBXSourcesBuildPhase;
			buildActionMask = 2147483647;
			files = (
				CEDA38AC1A4B5D4B0038E67F /* ViewController.swift in Sources */,
				CEDA38CA1A4B63DD0038E67F /* TableViewController.swift in Sources */,
				CEDA38AA1A4B5D4B0038E67F /* AppDelegate.swift in Sources */,
			);
			runOnlyForDeploymentPostprocessing = 0;
		};
		CEDA38B51A4B5D4B0038E67F /* Sources */ = {
			isa = PBXSourcesBuildPhase;
			buildActionMask = 2147483647;
			files = (
				CEDA38C01A4B5D4B0038E67F /* SegueAppTests.swift in Sources */,
			);
			runOnlyForDeploymentPostprocessing = 0;
		};
/* End PBXSourcesBuildPhase section */

/* Begin PBXTargetDependency section */
		CEDA38BB1A4B5D4B0038E67F /* PBXTargetDependency */ = {
			isa = PBXTargetDependency;
			target = CEDA38A31A4B5D4B0038E67F /* SegueApp */;
			targetProxy = CEDA38BA1A4B5D4B0038E67F /* PBXContainerItemProxy */;
		};
/* End PBXTargetDependency section */

/* Begin PBXVariantGroup section */
		CEDA38AD1A4B5D4B0038E67F /* Main.storyboard */ = {
			isa = PBXVariantGroup;
			children = (
				CEDA38AE1A4B5D4B0038E67F /* Base */,
			);
			name = Main.storyboard;
			sourceTree = "<group>";
		};
		CEDA38B21A4B5D4B0038E67F /* LaunchScreen.xib */ = {
			isa = PBXVariantGroup;
			children = (
				CEDA38B31A4B5D4B0038E67F /* Base */,
			);
			name = LaunchScreen.xib;
			sourceTree = "<group>";
		};
/* End PBXVariantGroup section */

/* Begin XCBuildConfiguration section */
		CEDA38C11A4B5D4B0038E67F /* Debug */ = {
			isa = XCBuildConfiguration;
			buildSettings = {
				ALWAYS_SEARCH_USER_PATHS = NO;
				CLANG_CXX_LANGUAGE_STANDARD = "gnu++0x";
				CLANG_CXX_LIBRARY = "libc++";
				CLANG_ENABLE_MODULES = YES;
				CLANG_ENABLE_OBJC_ARC = YES;
				CLANG_WARN_BOOL_CONVERSION = YES;
				CLANG_WARN_CONSTANT_CONVERSION = YES;
				CLANG_WARN_DIRECT_OBJC_ISA_USAGE = YES_ERROR;
				CLANG_WARN_EMPTY_BODY = YES;
				CLANG_WARN_ENUM_CONVERSION = YES;
				CLANG_WARN_INT_CONVERSION = YES;
				CLANG_WARN_OBJC_ROOT_CLASS = YES_ERROR;
				CLANG_WARN_UNREACHABLE_CODE = YES;
				CLANG_WARN__DUPLICATE_METHOD_MATCH = YES;
				"CODE_SIGN_IDENTITY[sdk=iphoneos*]" = "iPhone Developer";
				COPY_PHASE_STRIP = NO;
				ENABLE_STRICT_OBJC_MSGSEND = YES;
				GCC_C_LANGUAGE_STANDARD = gnu99;
				GCC_DYNAMIC_NO_PIC = NO;
				GCC_OPTIMIZATION_LEVEL = 0;
				GCC_PREPROCESSOR_DEFINITIONS = (
					"DEBUG=1",
					"$(inherited)",
				);
				GCC_SYMBOLS_PRIVATE_EXTERN = NO;
				GCC_WARN_64_TO_32_BIT_CONVERSION = YES;
				GCC_WARN_ABOUT_RETURN_TYPE = YES_ERROR;
				GCC_WARN_UNDECLARED_SELECTOR = YES;
				GCC_WARN_UNINITIALIZED_AUTOS = YES_AGGRESSIVE;
				GCC_WARN_UNUSED_FUNCTION = YES;
				GCC_WARN_UNUSED_VARIABLE = YES;
				IPHONEOS_DEPLOYMENT_TARGET = 8.1;
				MTL_ENABLE_DEBUG_INFO = YES;
				ONLY_ACTIVE_ARCH = YES;
				SDKROOT = iphoneos;
				SWIFT_OPTIMIZATION_LEVEL = "-Onone";
			};
			name = Debug;
		};
		CEDA38C21A4B5D4B0038E67F /* Release */ = {
			isa = XCBuildConfiguration;
			buildSettings = {
				ALWAYS_SEARCH_USER_PATHS = NO;
				CLANG_CXX_LANGUAGE_STANDARD = "gnu++0x";
				CLANG_CXX_LIBRARY = "libc++";
				CLANG_ENABLE_MODULES = YES;
				CLANG_ENABLE_OBJC_ARC = YES;
				CLANG_WARN_BOOL_CONVERSION = YES;
				CLANG_WARN_CONSTANT_CONVERSION = YES;
				CLANG_WARN_DIRECT_OBJC_ISA_USAGE = YES_ERROR;
				CLANG_WARN_EMPTY_BODY = YES;
				CLANG_WARN_ENUM_CONVERSION = YES;
				CLANG_WARN_INT_CONVERSION = YES;
				CLANG_WARN_OBJC_ROOT_CLASS = YES_ERROR;
				CLANG_WARN_UNREACHABLE_CODE = YES;
				CLANG_WARN__DUPLICATE_METHOD_MATCH = YES;
				"CODE_SIGN_IDENTITY[sdk=iphoneos*]" = "iPhone Developer";
				COPY_PHASE_STRIP = YES;
				ENABLE_NS_ASSERTIONS = NO;
				ENABLE_STRICT_OBJC_MSGSEND = YES;
				GCC_C_LANGUAGE_STANDARD = gnu99;
				GCC_WARN_64_TO_32_BIT_CONVERSION = YES;
				GCC_WARN_ABOUT_RETURN_TYPE = YES_ERROR;
				GCC_WARN_UNDECLARED_SELECTOR = YES;
				GCC_WARN_UNINITIALIZED_AUTOS = YES_AGGRESSIVE;
				GCC_WARN_UNUSED_FUNCTION = YES;
				GCC_WARN_UNUSED_VARIABLE = YES;
				IPHONEOS_DEPLOYMENT_TARGET = 8.1;
				MTL_ENABLE_DEBUG_INFO = NO;
				SDKROOT = iphoneos;
				VALIDATE_PRODUCT = YES;
			};
			name = Release;
		};
		CEDA38C41A4B5D4B0038E67F /* Debug */ = {
			isa = XCBuildConfiguration;
			buildSettings = {
				ASSETCATALOG_COMPILER_APPICON_NAME = AppIcon;
				INFOPLIST_FILE = SegueApp/Info.plist;
				LD_RUNPATH_SEARCH_PATHS = "$(inherited) @executable_path/Frameworks";
				PRODUCT_NAME = "$(TARGET_NAME)";
			};
			name = Debug;
		};
		CEDA38C51A4B5D4B0038E67F /* Release */ = {
			isa = XCBuildConfiguration;
			buildSettings = {
				ASSETCATALOG_COMPILER_APPICON_NAME = AppIcon;
				INFOPLIST_FILE = SegueApp/Info.plist;
				LD_RUNPATH_SEARCH_PATHS = "$(inherited) @executable_path/Frameworks";
				PRODUCT_NAME = "$(TARGET_NAME)";
			};
			name = Release;
		};
		CEDA38C71A4B5D4B0038E67F /* Debug */ = {
			isa = XCBuildConfiguration;
			buildSettings = {
				BUNDLE_LOADER = "$(TEST_HOST)";
				FRAMEWORK_SEARCH_PATHS = (
					"$(SDKROOT)/Developer/Library/Frameworks",
					"$(inherited)",
				);
				GCC_PREPROCESSOR_DEFINITIONS = (
					"DEBUG=1",
					"$(inherited)",
				);
				INFOPLIST_FILE = SegueAppTests/Info.plist;
				LD_RUNPATH_SEARCH_PATHS = "$(inherited) @executable_path/Frameworks @loader_path/Frameworks";
				PRODUCT_NAME = "$(TARGET_NAME)";
				TEST_HOST = "$(BUILT_PRODUCTS_DIR)/SegueApp.app/SegueApp";
			};
			name = Debug;
		};
		CEDA38C81A4B5D4B0038E67F /* Release */ = {
			isa = XCBuildConfiguration;
			buildSettings = {
				BUNDLE_LOADER = "$(TEST_HOST)";
				FRAMEWORK_SEARCH_PATHS = (
					"$(SDKROOT)/Developer/Library/Frameworks",
					"$(inherited)",
				);
				INFOPLIST_FILE = SegueAppTests/Info.plist;
				LD_RUNPATH_SEARCH_PATHS = "$(inherited) @executable_path/Frameworks @loader_path/Frameworks";
				PRODUCT_NAME = "$(TARGET_NAME)";
				TEST_HOST = "$(BUILT_PRODUCTS_DIR)/SegueApp.app/SegueApp";
			};
			name = Release;
		};
/* End XCBuildConfiguration section */

/* Begin XCConfigurationList section */
		CEDA389F1A4B5D4B0038E67F /* Build configuration list for PBXProject "SegueApp" */ = {
			isa = XCConfigurationList;
			buildConfigurations = (
				CEDA38C11A4B5D4B0038E67F /* Debug */,
				CEDA38C21A4B5D4B0038E67F /* Release */,
			);
			defaultConfigurationIsVisible = 0;
			defaultConfigurationName = Release;
		};
		CEDA38C31A4B5D4B0038E67F /* Build configuration list for PBXNativeTarget "SegueApp" */ = {
			isa = XCConfigurationList;
			buildConfigurations = (
				CEDA38C41A4B5D4B0038E67F /* Debug */,
				CEDA38C51A4B5D4B0038E67F /* Release */,
			);
			defaultConfigurationIsVisible = 0;
		};
		CEDA38C61A4B5D4B0038E67F /* Build configuration list for PBXNativeTarget "SegueAppTests" */ = {
			isa = XCConfigurationList;
			buildConfigurations = (
				CEDA38C71A4B5D4B0038E67F /* Debug */,
				CEDA38C81A4B5D4B0038E67F /* Release */,
			);
			defaultConfigurationIsVisible = 0;
		};
/* End XCConfigurationList section */
	};
	rootObject = CEDA389C1A4B5D4B0038E67F /* Project object */;
}
